<Solution>
  <Folder Name="/src/">
    <Project Path="src/Shared.AspNetCore.Helpers/Shared.AspNetCore.Helpers.csproj" />
    <Project Path="src/Shared.Crypto/Shared.Crypto.csproj" />
    <Project Path="src/Shared.RabbitMq.Notifications/Shared.RabbitMq.Notifications.csproj" />
    <Project Path="src/Shared.TestGenerators/Shared.TestGenerators.csproj" />
  </Folder>
  <Folder Name="/test/" />
  <Folder Name="/test/integration/">
    <Project Path="test/integration/Shared.Test.Integration.AspNetCore.Helpers/Shared.Test.Integration.AspNetCore.Helpers.csproj" />
  </Folder>
  <Folder Name="/test/unit/">
    <Project Path="test/unit/Shared.Test.Unit.Crypto/Shared.Test.Unit.Crypto.csproj" />
    <Project Path="test/unit/Shared.Test.Unit.TestGenerators/Shared.Test.Unit.TestGenerators.csproj" />
  </Folder>
</Solution>
