<Solution>
  <Folder Name="/src/">
    <Project Path="src/Shared.Helpers/Shared.Helpers.csproj" />
    <Project Path="src/Shared.Crypto/Shared.Crypto.csproj" />
    <Project Path="src/Shared.Http/Shared.Http.csproj" />
    <Project Path="src/Shared.RabbitMq.Notifications/Shared.RabbitMq.Notifications.csproj" />
    <Project Path="src/Shared.Test.Generators/Shared.Test.Generators.csproj" />
  </Folder>
  <Folder Name="/test/" />
  <Folder Name="/test/integration/">
    <Project Path="test/integration/Shared.Test.Integration.Helpers/Shared.Test.Integration.Helpers.csproj" />
    <Project Path="test/integration/Shared.Test.Integration.Http/Shared.Test.Integration.Http.csproj" />
  </Folder>
  <Folder Name="/test/unit/">
    <Project Path="test/unit/Shared.Test.Unit.Crypto/Shared.Test.Unit.Crypto.csproj" />
    <Project Path="test/unit/Shared.Test.Unit.Test.Generators/Shared.Test.Unit.Test.Generators.csproj" />
  </Folder>
</Solution>
